
Microsoft Visual Studio Solution File, Format Version 12.00
# Visual Studio 15
VisualStudioVersion = 15.0.27703.2042
MinimumVisualStudioVersion = 10.0.40219.1
Project("{8BC9CEB8-8B4A-11D0-8D11-00A0C91BC942}") = "View", "View\View.vcxproj", "{088F982E-DBC5-46C1-B67D-3110CCFB7460}"
EndProject
Project("{8BC9CEB8-8B4A-11D0-8D11-00A0C91BC942}") = "valance", "valance\valance.vcxproj", "{62A8680C-19BD-4F63-8C0E-D75845B1FBB4}"
EndProject
Project("{8BC9CEB8-8B4A-11D0-8D11-00A0C91BC942}") = "dalant2", "dalant2\dalant2.vcxproj", "{D3E99E23-A05C-4B8A-9C74-BB5C25C4BD84}"
EndProject
Project("{8BC9CEB8-8B4A-11D0-8D11-00A0C91BC942}") = "RepairShop", "RepairShop\RepairShop.vcxproj", "{0B9649D6-BECC-4B29-A8C5-7A167D3259B7}"
EndProject
Project("{8BC9CEB8-8B4A-11D0-8D11-00A0C91BC942}") = "mysteriousPyramid", "mysteriousPyramid\mysteriousPyramid.vcxproj", "{75F5286C-77B2-43EB-AABB-8B30E301D678}"
EndProject
Project("{8BC9CEB8-8B4A-11D0-8D11-00A0C91BC942}") = "Bee", "Bee\Bee.vcxproj", "{F4364A01-3C1D-4A2C-A1EC-69762E57A23A}"
EndProject
Project("{8BC9CEB8-8B4A-11D0-8D11-00A0C91BC942}") = "pool", "pool\pool.vcxproj", "{78F7D731-7C94-4AE9-8808-3EAD914F1364}"
EndProject
Project("{8BC9CEB8-8B4A-11D0-8D11-00A0C91BC942}") = "CommonAncestor", "CommonAncestor\CommonAncestor.vcxproj", "{4A876A99-2D97-40F3-ABB2-B75ABFF96916}"
EndProject
Project("{8BC9CEB8-8B4A-11D0-8D11-00A0C91BC942}") = "01knapsack", "01knapsack\01knapsack.vcxproj", "{05631021-4145-4098-8768-1AAC49BADE18}"
EndProject
Project("{8BC9CEB8-8B4A-11D0-8D11-00A0C91BC942}") = "colorTriangle", "colorTriangle\colorTriangle.vcxproj", "{0CA3A49C-08B4-47BE-9693-576B86AAA6F9}"
EndProject
Project("{8BC9CEB8-8B4A-11D0-8D11-00A0C91BC942}") = "baseball", "baseball\baseball.vcxproj", "{121D4297-E163-458A-8E37-40966C0AF306}"
EndProject
Project("{8BC9CEB8-8B4A-11D0-8D11-00A0C91BC942}") = "checkWeightsBetweenTwo", "checkWeightsBetweenTwo\checkWeightsBetweenTwo.vcxproj", "{87A999B4-E08B-4223-9B28-50130F12CC13}"
EndProject
Project("{8BC9CEB8-8B4A-11D0-8D11-00A0C91BC942}") = "doubleLinkedListWithLIS", "doubleLinkedListWithLIS\doubleLinkedListWithLIS.vcxproj", "{62E221E7-C886-4783-AA61-86048AF8D5E4}"
EndProject
Project("{8BC9CEB8-8B4A-11D0-8D11-00A0C91BC942}") = "flood", "flood\flood.vcxproj", "{26D95A5C-7204-46B0-88D0-9F61B8AAD671}"
EndProject
Project("{8BC9CEB8-8B4A-11D0-8D11-00A0C91BC942}") = "floydSWB1st", "floydSWB1st\floydSWB1st.vcxproj", "{4F394D37-544F-490C-9373-B51036DD186C}"
EndProject
Project("{8BC9CEB8-8B4A-11D0-8D11-00A0C91BC942}") = "highking", "highking\highking.vcxproj", "{2D197F3E-5D4D-4896-A721-490EF5936975}"
EndProject
Project("{8BC9CEB8-8B4A-11D0-8D11-00A0C91BC942}") = "LIS", "LIS\LIS.vcxproj", "{8661CAAE-BBF4-4376-AB22-3A7EE56BEB30}"
EndProject
Project("{8BC9CEB8-8B4A-11D0-8D11-00A0C91BC942}") = "OptimizePath", "OptimizePath\OptimizePath.vcxproj", "{E0E2BB63-3332-45B5-AF90-E304BE02EC98}"
EndProject
Project("{8BC9CEB8-8B4A-11D0-8D11-00A0C91BC942}") = "popcorn", "popcorn\popcorn.vcxproj", "{8E04E07F-5604-46AC-B903-ABC4E07D972A}"
EndProject
Project("{8BC9CEB8-8B4A-11D0-8D11-00A0C91BC942}") = "simpleDijkstra", "simpleDijkstra\simpleDijkstra.vcxproj", "{96229A04-A398-4330-AD87-8A4E1DE6BFDF}"
EndProject
Project("{8BC9CEB8-8B4A-11D0-8D11-00A0C91BC942}") = "SuffixArray", "SuffixArray\SuffixArray.vcxproj", "{34FF82A9-5965-449A-A5E2-47540B3292FD}"
EndProject
Project("{8BC9CEB8-8B4A-11D0-8D11-00A0C91BC942}") = "topologicalSort", "topologicalSort\topologicalSort.vcxproj", "{8F5050F5-288A-4178-B6CF-FFF6E1CE029A}"
EndProject
Project("{8BC9CEB8-8B4A-11D0-8D11-00A0C91BC942}") = "realBFS", "realBFS\realBFS.vcxproj", "{4C081B97-9CB5-4066-8F51-256BE47718E5}"
EndProject
Project("{8BC9CEB8-8B4A-11D0-8D11-00A0C91BC942}") = "prime", "prime\prime.vcxproj", "{A38DEEA4-3EB3-4F13-A4DF-052313404D57}"
EndProject
Project("{8BC9CEB8-8B4A-11D0-8D11-00A0C91BC942}") = "jumping", "jumping\jumping.vcxproj", "{65D14CBD-552F-49BC-985B-11B52D890128}"
EndProject
Project("{8BC9CEB8-8B4A-11D0-8D11-00A0C91BC942}") = "DisertCafe", "DisertCafe\DisertCafe.vcxproj", "{C3BE4D03-3C9A-4F30-BFAD-3D9E92B9B81A}"
EndProject
Project("{8BC9CEB8-8B4A-11D0-8D11-00A0C91BC942}") = "HomeSecureService", "HomeSecureService\HomeSecureService.vcxproj", "{6596123D-AFC6-4140-B851-F5816C866991}"
EndProject
Project("{8BC9CEB8-8B4A-11D0-8D11-00A0C91BC942}") = "makingNumber", "makingNumber\makingNumber.vcxproj", "{574E78FB-6E00-4CCA-A71D-BA4FCE902740}"
EndProject
Project("{8BC9CEB8-8B4A-11D0-8D11-00A0C91BC942}") = "cook", "cook\cook.vcxproj", "{7E59F07A-438D-447D-8D87-AC6AF31D0AFA}"
EndProject
Project("{8BC9CEB8-8B4A-11D0-8D11-00A0C91BC942}") = "LCS", "LCS\LCS.vcxproj", "{3737B83F-3325-478A-B7BB-B9B2A94BEA91}"
EndProject
Project("{8BC9CEB8-8B4A-11D0-8D11-00A0C91BC942}") = "MergeSort", "MergeSort\MergeSort.vcxproj", "{88F3886D-AC9F-476A-908D-2B7C84B2C869}"
EndProject
Global
	GlobalSection(SolutionConfigurationPlatforms) = preSolution
		Debug|x64 = Debug|x64
		Debug|x86 = Debug|x86
		Release|x64 = Release|x64
		Release|x86 = Release|x86
	EndGlobalSection
	GlobalSection(ProjectConfigurationPlatforms) = postSolution
		{088F982E-DBC5-46C1-B67D-3110CCFB7460}.Debug|x64.ActiveCfg = Debug|x64
		{088F982E-DBC5-46C1-B67D-3110CCFB7460}.Debug|x64.Build.0 = Debug|x64
		{088F982E-DBC5-46C1-B67D-3110CCFB7460}.Debug|x86.ActiveCfg = Debug|Win32
		{088F982E-DBC5-46C1-B67D-3110CCFB7460}.Debug|x86.Build.0 = Debug|Win32
		{088F982E-DBC5-46C1-B67D-3110CCFB7460}.Release|x64.ActiveCfg = Release|x64
		{088F982E-DBC5-46C1-B67D-3110CCFB7460}.Release|x64.Build.0 = Release|x64
		{088F982E-DBC5-46C1-B67D-3110CCFB7460}.Release|x86.ActiveCfg = Release|Win32
		{088F982E-DBC5-46C1-B67D-3110CCFB7460}.Release|x86.Build.0 = Release|Win32
		{62A8680C-19BD-4F63-8C0E-D75845B1FBB4}.Debug|x64.ActiveCfg = Debug|x64
		{62A8680C-19BD-4F63-8C0E-D75845B1FBB4}.Debug|x64.Build.0 = Debug|x64
		{62A8680C-19BD-4F63-8C0E-D75845B1FBB4}.Debug|x86.ActiveCfg = Debug|Win32
		{62A8680C-19BD-4F63-8C0E-D75845B1FBB4}.Debug|x86.Build.0 = Debug|Win32
		{62A8680C-19BD-4F63-8C0E-D75845B1FBB4}.Release|x64.ActiveCfg = Release|x64
		{62A8680C-19BD-4F63-8C0E-D75845B1FBB4}.Release|x64.Build.0 = Release|x64
		{62A8680C-19BD-4F63-8C0E-D75845B1FBB4}.Release|x86.ActiveCfg = Release|Win32
		{62A8680C-19BD-4F63-8C0E-D75845B1FBB4}.Release|x86.Build.0 = Release|Win32
		{D3E99E23-A05C-4B8A-9C74-BB5C25C4BD84}.Debug|x64.ActiveCfg = Debug|x64
		{D3E99E23-A05C-4B8A-9C74-BB5C25C4BD84}.Debug|x64.Build.0 = Debug|x64
		{D3E99E23-A05C-4B8A-9C74-BB5C25C4BD84}.Debug|x86.ActiveCfg = Debug|Win32
		{D3E99E23-A05C-4B8A-9C74-BB5C25C4BD84}.Debug|x86.Build.0 = Debug|Win32
		{D3E99E23-A05C-4B8A-9C74-BB5C25C4BD84}.Release|x64.ActiveCfg = Release|x64
		{D3E99E23-A05C-4B8A-9C74-BB5C25C4BD84}.Release|x64.Build.0 = Release|x64
		{D3E99E23-A05C-4B8A-9C74-BB5C25C4BD84}.Release|x86.ActiveCfg = Release|Win32
		{D3E99E23-A05C-4B8A-9C74-BB5C25C4BD84}.Release|x86.Build.0 = Release|Win32
		{0B9649D6-BECC-4B29-A8C5-7A167D3259B7}.Debug|x64.ActiveCfg = Debug|x64
		{0B9649D6-BECC-4B29-A8C5-7A167D3259B7}.Debug|x64.Build.0 = Debug|x64
		{0B9649D6-BECC-4B29-A8C5-7A167D3259B7}.Debug|x86.ActiveCfg = Debug|Win32
		{0B9649D6-BECC-4B29-A8C5-7A167D3259B7}.Debug|x86.Build.0 = Debug|Win32
		{0B9649D6-BECC-4B29-A8C5-7A167D3259B7}.Release|x64.ActiveCfg = Release|x64
		{0B9649D6-BECC-4B29-A8C5-7A167D3259B7}.Release|x64.Build.0 = Release|x64
		{0B9649D6-BECC-4B29-A8C5-7A167D3259B7}.Release|x86.ActiveCfg = Release|Win32
		{0B9649D6-BECC-4B29-A8C5-7A167D3259B7}.Release|x86.Build.0 = Release|Win32
		{75F5286C-77B2-43EB-AABB-8B30E301D678}.Debug|x64.ActiveCfg = Debug|x64
		{75F5286C-77B2-43EB-AABB-8B30E301D678}.Debug|x64.Build.0 = Debug|x64
		{75F5286C-77B2-43EB-AABB-8B30E301D678}.Debug|x86.ActiveCfg = Debug|Win32
		{75F5286C-77B2-43EB-AABB-8B30E301D678}.Debug|x86.Build.0 = Debug|Win32
		{75F5286C-77B2-43EB-AABB-8B30E301D678}.Release|x64.ActiveCfg = Release|x64
		{75F5286C-77B2-43EB-AABB-8B30E301D678}.Release|x64.Build.0 = Release|x64
		{75F5286C-77B2-43EB-AABB-8B30E301D678}.Release|x86.ActiveCfg = Release|Win32
		{75F5286C-77B2-43EB-AABB-8B30E301D678}.Release|x86.Build.0 = Release|Win32
		{F4364A01-3C1D-4A2C-A1EC-69762E57A23A}.Debug|x64.ActiveCfg = Debug|x64
		{F4364A01-3C1D-4A2C-A1EC-69762E57A23A}.Debug|x64.Build.0 = Debug|x64
		{F4364A01-3C1D-4A2C-A1EC-69762E57A23A}.Debug|x86.ActiveCfg = Debug|Win32
		{F4364A01-3C1D-4A2C-A1EC-69762E57A23A}.Debug|x86.Build.0 = Debug|Win32
		{F4364A01-3C1D-4A2C-A1EC-69762E57A23A}.Release|x64.ActiveCfg = Release|x64
		{F4364A01-3C1D-4A2C-A1EC-69762E57A23A}.Release|x64.Build.0 = Release|x64
		{F4364A01-3C1D-4A2C-A1EC-69762E57A23A}.Release|x86.ActiveCfg = Release|Win32
		{F4364A01-3C1D-4A2C-A1EC-69762E57A23A}.Release|x86.Build.0 = Release|Win32
		{78F7D731-7C94-4AE9-8808-3EAD914F1364}.Debug|x64.ActiveCfg = Debug|x64
		{78F7D731-7C94-4AE9-8808-3EAD914F1364}.Debug|x64.Build.0 = Debug|x64
		{78F7D731-7C94-4AE9-8808-3EAD914F1364}.Debug|x86.ActiveCfg = Debug|Win32
		{78F7D731-7C94-4AE9-8808-3EAD914F1364}.Debug|x86.Build.0 = Debug|Win32
		{78F7D731-7C94-4AE9-8808-3EAD914F1364}.Release|x64.ActiveCfg = Release|x64
		{78F7D731-7C94-4AE9-8808-3EAD914F1364}.Release|x64.Build.0 = Release|x64
		{78F7D731-7C94-4AE9-8808-3EAD914F1364}.Release|x86.ActiveCfg = Release|Win32
		{78F7D731-7C94-4AE9-8808-3EAD914F1364}.Release|x86.Build.0 = Release|Win32
		{4A876A99-2D97-40F3-ABB2-B75ABFF96916}.Debug|x64.ActiveCfg = Debug|x64
		{4A876A99-2D97-40F3-ABB2-B75ABFF96916}.Debug|x64.Build.0 = Debug|x64
		{4A876A99-2D97-40F3-ABB2-B75ABFF96916}.Debug|x86.ActiveCfg = Debug|Win32
		{4A876A99-2D97-40F3-ABB2-B75ABFF96916}.Debug|x86.Build.0 = Debug|Win32
		{4A876A99-2D97-40F3-ABB2-B75ABFF96916}.Release|x64.ActiveCfg = Release|x64
		{4A876A99-2D97-40F3-ABB2-B75ABFF96916}.Release|x64.Build.0 = Release|x64
		{4A876A99-2D97-40F3-ABB2-B75ABFF96916}.Release|x86.ActiveCfg = Release|Win32
		{4A876A99-2D97-40F3-ABB2-B75ABFF96916}.Release|x86.Build.0 = Release|Win32
		{05631021-4145-4098-8768-1AAC49BADE18}.Debug|x64.ActiveCfg = Debug|x64
		{05631021-4145-4098-8768-1AAC49BADE18}.Debug|x64.Build.0 = Debug|x64
		{05631021-4145-4098-8768-1AAC49BADE18}.Debug|x86.ActiveCfg = Debug|Win32
		{05631021-4145-4098-8768-1AAC49BADE18}.Debug|x86.Build.0 = Debug|Win32
		{05631021-4145-4098-8768-1AAC49BADE18}.Release|x64.ActiveCfg = Release|x64
		{05631021-4145-4098-8768-1AAC49BADE18}.Release|x64.Build.0 = Release|x64
		{05631021-4145-4098-8768-1AAC49BADE18}.Release|x86.ActiveCfg = Release|Win32
		{05631021-4145-4098-8768-1AAC49BADE18}.Release|x86.Build.0 = Release|Win32
		{0CA3A49C-08B4-47BE-9693-576B86AAA6F9}.Debug|x64.ActiveCfg = Debug|x64
		{0CA3A49C-08B4-47BE-9693-576B86AAA6F9}.Debug|x64.Build.0 = Debug|x64
		{0CA3A49C-08B4-47BE-9693-576B86AAA6F9}.Debug|x86.ActiveCfg = Debug|Win32
		{0CA3A49C-08B4-47BE-9693-576B86AAA6F9}.Debug|x86.Build.0 = Debug|Win32
		{0CA3A49C-08B4-47BE-9693-576B86AAA6F9}.Release|x64.ActiveCfg = Release|x64
		{0CA3A49C-08B4-47BE-9693-576B86AAA6F9}.Release|x64.Build.0 = Release|x64
		{0CA3A49C-08B4-47BE-9693-576B86AAA6F9}.Release|x86.ActiveCfg = Release|Win32
		{0CA3A49C-08B4-47BE-9693-576B86AAA6F9}.Release|x86.Build.0 = Release|Win32
		{121D4297-E163-458A-8E37-40966C0AF306}.Debug|x64.ActiveCfg = Debug|x64
		{121D4297-E163-458A-8E37-40966C0AF306}.Debug|x64.Build.0 = Debug|x64
		{121D4297-E163-458A-8E37-40966C0AF306}.Debug|x86.ActiveCfg = Debug|Win32
		{121D4297-E163-458A-8E37-40966C0AF306}.Debug|x86.Build.0 = Debug|Win32
		{121D4297-E163-458A-8E37-40966C0AF306}.Release|x64.ActiveCfg = Release|x64
		{121D4297-E163-458A-8E37-40966C0AF306}.Release|x64.Build.0 = Release|x64
		{121D4297-E163-458A-8E37-40966C0AF306}.Release|x86.ActiveCfg = Release|Win32
		{121D4297-E163-458A-8E37-40966C0AF306}.Release|x86.Build.0 = Release|Win32
		{87A999B4-E08B-4223-9B28-50130F12CC13}.Debug|x64.ActiveCfg = Debug|x64
		{87A999B4-E08B-4223-9B28-50130F12CC13}.Debug|x64.Build.0 = Debug|x64
		{87A999B4-E08B-4223-9B28-50130F12CC13}.Debug|x86.ActiveCfg = Debug|Win32
		{87A999B4-E08B-4223-9B28-50130F12CC13}.Debug|x86.Build.0 = Debug|Win32
		{87A999B4-E08B-4223-9B28-50130F12CC13}.Release|x64.ActiveCfg = Release|x64
		{87A999B4-E08B-4223-9B28-50130F12CC13}.Release|x64.Build.0 = Release|x64
		{87A999B4-E08B-4223-9B28-50130F12CC13}.Release|x86.ActiveCfg = Release|Win32
		{87A999B4-E08B-4223-9B28-50130F12CC13}.Release|x86.Build.0 = Release|Win32
		{62E221E7-C886-4783-AA61-86048AF8D5E4}.Debug|x64.ActiveCfg = Debug|x64
		{62E221E7-C886-4783-AA61-86048AF8D5E4}.Debug|x64.Build.0 = Debug|x64
		{62E221E7-C886-4783-AA61-86048AF8D5E4}.Debug|x86.ActiveCfg = Debug|Win32
		{62E221E7-C886-4783-AA61-86048AF8D5E4}.Debug|x86.Build.0 = Debug|Win32
		{62E221E7-C886-4783-AA61-86048AF8D5E4}.Release|x64.ActiveCfg = Release|x64
		{62E221E7-C886-4783-AA61-86048AF8D5E4}.Release|x64.Build.0 = Release|x64
		{62E221E7-C886-4783-AA61-86048AF8D5E4}.Release|x86.ActiveCfg = Release|Win32
		{62E221E7-C886-4783-AA61-86048AF8D5E4}.Release|x86.Build.0 = Release|Win32
		{26D95A5C-7204-46B0-88D0-9F61B8AAD671}.Debug|x64.ActiveCfg = Debug|x64
		{26D95A5C-7204-46B0-88D0-9F61B8AAD671}.Debug|x64.Build.0 = Debug|x64
		{26D95A5C-7204-46B0-88D0-9F61B8AAD671}.Debug|x86.ActiveCfg = Debug|Win32
		{26D95A5C-7204-46B0-88D0-9F61B8AAD671}.Debug|x86.Build.0 = Debug|Win32
		{26D95A5C-7204-46B0-88D0-9F61B8AAD671}.Release|x64.ActiveCfg = Release|x64
		{26D95A5C-7204-46B0-88D0-9F61B8AAD671}.Release|x64.Build.0 = Release|x64
		{26D95A5C-7204-46B0-88D0-9F61B8AAD671}.Release|x86.ActiveCfg = Release|Win32
		{26D95A5C-7204-46B0-88D0-9F61B8AAD671}.Release|x86.Build.0 = Release|Win32
		{4F394D37-544F-490C-9373-B51036DD186C}.Debug|x64.ActiveCfg = Debug|x64
		{4F394D37-544F-490C-9373-B51036DD186C}.Debug|x64.Build.0 = Debug|x64
		{4F394D37-544F-490C-9373-B51036DD186C}.Debug|x86.ActiveCfg = Debug|Win32
		{4F394D37-544F-490C-9373-B51036DD186C}.Debug|x86.Build.0 = Debug|Win32
		{4F394D37-544F-490C-9373-B51036DD186C}.Release|x64.ActiveCfg = Release|x64
		{4F394D37-544F-490C-9373-B51036DD186C}.Release|x64.Build.0 = Release|x64
		{4F394D37-544F-490C-9373-B51036DD186C}.Release|x86.ActiveCfg = Release|Win32
		{4F394D37-544F-490C-9373-B51036DD186C}.Release|x86.Build.0 = Release|Win32
		{2D197F3E-5D4D-4896-A721-490EF5936975}.Debug|x64.ActiveCfg = Debug|x64
		{2D197F3E-5D4D-4896-A721-490EF5936975}.Debug|x64.Build.0 = Debug|x64
		{2D197F3E-5D4D-4896-A721-490EF5936975}.Debug|x86.ActiveCfg = Debug|Win32
		{2D197F3E-5D4D-4896-A721-490EF5936975}.Debug|x86.Build.0 = Debug|Win32
		{2D197F3E-5D4D-4896-A721-490EF5936975}.Release|x64.ActiveCfg = Release|x64
		{2D197F3E-5D4D-4896-A721-490EF5936975}.Release|x64.Build.0 = Release|x64
		{2D197F3E-5D4D-4896-A721-490EF5936975}.Release|x86.ActiveCfg = Release|Win32
		{2D197F3E-5D4D-4896-A721-490EF5936975}.Release|x86.Build.0 = Release|Win32
		{8661CAAE-BBF4-4376-AB22-3A7EE56BEB30}.Debug|x64.ActiveCfg = Debug|x64
		{8661CAAE-BBF4-4376-AB22-3A7EE56BEB30}.Debug|x64.Build.0 = Debug|x64
		{8661CAAE-BBF4-4376-AB22-3A7EE56BEB30}.Debug|x86.ActiveCfg = Debug|Win32
		{8661CAAE-BBF4-4376-AB22-3A7EE56BEB30}.Debug|x86.Build.0 = Debug|Win32
		{8661CAAE-BBF4-4376-AB22-3A7EE56BEB30}.Release|x64.ActiveCfg = Release|x64
		{8661CAAE-BBF4-4376-AB22-3A7EE56BEB30}.Release|x64.Build.0 = Release|x64
		{8661CAAE-BBF4-4376-AB22-3A7EE56BEB30}.Release|x86.ActiveCfg = Release|Win32
		{8661CAAE-BBF4-4376-AB22-3A7EE56BEB30}.Release|x86.Build.0 = Release|Win32
		{E0E2BB63-3332-45B5-AF90-E304BE02EC98}.Debug|x64.ActiveCfg = Debug|x64
		{E0E2BB63-3332-45B5-AF90-E304BE02EC98}.Debug|x64.Build.0 = Debug|x64
		{E0E2BB63-3332-45B5-AF90-E304BE02EC98}.Debug|x86.ActiveCfg = Debug|Win32
		{E0E2BB63-3332-45B5-AF90-E304BE02EC98}.Debug|x86.Build.0 = Debug|Win32
		{E0E2BB63-3332-45B5-AF90-E304BE02EC98}.Release|x64.ActiveCfg = Release|x64
		{E0E2BB63-3332-45B5-AF90-E304BE02EC98}.Release|x64.Build.0 = Release|x64
		{E0E2BB63-3332-45B5-AF90-E304BE02EC98}.Release|x86.ActiveCfg = Release|Win32
		{E0E2BB63-3332-45B5-AF90-E304BE02EC98}.Release|x86.Build.0 = Release|Win32
		{8E04E07F-5604-46AC-B903-ABC4E07D972A}.Debug|x64.ActiveCfg = Debug|x64
		{8E04E07F-5604-46AC-B903-ABC4E07D972A}.Debug|x64.Build.0 = Debug|x64
		{8E04E07F-5604-46AC-B903-ABC4E07D972A}.Debug|x86.ActiveCfg = Debug|Win32
		{8E04E07F-5604-46AC-B903-ABC4E07D972A}.Debug|x86.Build.0 = Debug|Win32
		{8E04E07F-5604-46AC-B903-ABC4E07D972A}.Release|x64.ActiveCfg = Release|x64
		{8E04E07F-5604-46AC-B903-ABC4E07D972A}.Release|x64.Build.0 = Release|x64
		{8E04E07F-5604-46AC-B903-ABC4E07D972A}.Release|x86.ActiveCfg = Release|Win32
		{8E04E07F-5604-46AC-B903-ABC4E07D972A}.Release|x86.Build.0 = Release|Win32
		{96229A04-A398-4330-AD87-8A4E1DE6BFDF}.Debug|x64.ActiveCfg = Debug|x64
		{96229A04-A398-4330-AD87-8A4E1DE6BFDF}.Debug|x64.Build.0 = Debug|x64
		{96229A04-A398-4330-AD87-8A4E1DE6BFDF}.Debug|x86.ActiveCfg = Debug|Win32
		{96229A04-A398-4330-AD87-8A4E1DE6BFDF}.Debug|x86.Build.0 = Debug|Win32
		{96229A04-A398-4330-AD87-8A4E1DE6BFDF}.Release|x64.ActiveCfg = Release|x64
		{96229A04-A398-4330-AD87-8A4E1DE6BFDF}.Release|x64.Build.0 = Release|x64
		{96229A04-A398-4330-AD87-8A4E1DE6BFDF}.Release|x86.ActiveCfg = Release|Win32
		{96229A04-A398-4330-AD87-8A4E1DE6BFDF}.Release|x86.Build.0 = Release|Win32
		{34FF82A9-5965-449A-A5E2-47540B3292FD}.Debug|x64.ActiveCfg = Debug|x64
		{34FF82A9-5965-449A-A5E2-47540B3292FD}.Debug|x64.Build.0 = Debug|x64
		{34FF82A9-5965-449A-A5E2-47540B3292FD}.Debug|x86.ActiveCfg = Debug|Win32
		{34FF82A9-5965-449A-A5E2-47540B3292FD}.Debug|x86.Build.0 = Debug|Win32
		{34FF82A9-5965-449A-A5E2-47540B3292FD}.Release|x64.ActiveCfg = Release|x64
		{34FF82A9-5965-449A-A5E2-47540B3292FD}.Release|x64.Build.0 = Release|x64
		{34FF82A9-5965-449A-A5E2-47540B3292FD}.Release|x86.ActiveCfg = Release|Win32
		{34FF82A9-5965-449A-A5E2-47540B3292FD}.Release|x86.Build.0 = Release|Win32
		{8F5050F5-288A-4178-B6CF-FFF6E1CE029A}.Debug|x64.ActiveCfg = Debug|x64
		{8F5050F5-288A-4178-B6CF-FFF6E1CE029A}.Debug|x64.Build.0 = Debug|x64
		{8F5050F5-288A-4178-B6CF-FFF6E1CE029A}.Debug|x86.ActiveCfg = Debug|Win32
		{8F5050F5-288A-4178-B6CF-FFF6E1CE029A}.Debug|x86.Build.0 = Debug|Win32
		{8F5050F5-288A-4178-B6CF-FFF6E1CE029A}.Release|x64.ActiveCfg = Release|x64
		{8F5050F5-288A-4178-B6CF-FFF6E1CE029A}.Release|x64.Build.0 = Release|x64
		{8F5050F5-288A-4178-B6CF-FFF6E1CE029A}.Release|x86.ActiveCfg = Release|Win32
		{8F5050F5-288A-4178-B6CF-FFF6E1CE029A}.Release|x86.Build.0 = Release|Win32
		{4C081B97-9CB5-4066-8F51-256BE47718E5}.Debug|x64.ActiveCfg = Debug|x64
		{4C081B97-9CB5-4066-8F51-256BE47718E5}.Debug|x64.Build.0 = Debug|x64
		{4C081B97-9CB5-4066-8F51-256BE47718E5}.Debug|x86.ActiveCfg = Debug|Win32
		{4C081B97-9CB5-4066-8F51-256BE47718E5}.Debug|x86.Build.0 = Debug|Win32
		{4C081B97-9CB5-4066-8F51-256BE47718E5}.Release|x64.ActiveCfg = Release|x64
		{4C081B97-9CB5-4066-8F51-256BE47718E5}.Release|x64.Build.0 = Release|x64
		{4C081B97-9CB5-4066-8F51-256BE47718E5}.Release|x86.ActiveCfg = Release|Win32
		{4C081B97-9CB5-4066-8F51-256BE47718E5}.Release|x86.Build.0 = Release|Win32
		{A38DEEA4-3EB3-4F13-A4DF-052313404D57}.Debug|x64.ActiveCfg = Debug|x64
		{A38DEEA4-3EB3-4F13-A4DF-052313404D57}.Debug|x64.Build.0 = Debug|x64
		{A38DEEA4-3EB3-4F13-A4DF-052313404D57}.Debug|x86.ActiveCfg = Debug|Win32
		{A38DEEA4-3EB3-4F13-A4DF-052313404D57}.Debug|x86.Build.0 = Debug|Win32
		{A38DEEA4-3EB3-4F13-A4DF-052313404D57}.Release|x64.ActiveCfg = Release|x64
		{A38DEEA4-3EB3-4F13-A4DF-052313404D57}.Release|x64.Build.0 = Release|x64
		{A38DEEA4-3EB3-4F13-A4DF-052313404D57}.Release|x86.ActiveCfg = Release|Win32
		{A38DEEA4-3EB3-4F13-A4DF-052313404D57}.Release|x86.Build.0 = Release|Win32
		{65D14CBD-552F-49BC-985B-11B52D890128}.Debug|x64.ActiveCfg = Debug|x64
		{65D14CBD-552F-49BC-985B-11B52D890128}.Debug|x64.Build.0 = Debug|x64
		{65D14CBD-552F-49BC-985B-11B52D890128}.Debug|x86.ActiveCfg = Debug|Win32
		{65D14CBD-552F-49BC-985B-11B52D890128}.Debug|x86.Build.0 = Debug|Win32
		{65D14CBD-552F-49BC-985B-11B52D890128}.Release|x64.ActiveCfg = Release|x64
		{65D14CBD-552F-49BC-985B-11B52D890128}.Release|x64.Build.0 = Release|x64
		{65D14CBD-552F-49BC-985B-11B52D890128}.Release|x86.ActiveCfg = Release|Win32
		{65D14CBD-552F-49BC-985B-11B52D890128}.Release|x86.Build.0 = Release|Win32
		{C3BE4D03-3C9A-4F30-BFAD-3D9E92B9B81A}.Debug|x64.ActiveCfg = Debug|x64
		{C3BE4D03-3C9A-4F30-BFAD-3D9E92B9B81A}.Debug|x64.Build.0 = Debug|x64
		{C3BE4D03-3C9A-4F30-BFAD-3D9E92B9B81A}.Debug|x86.ActiveCfg = Debug|Win32
		{C3BE4D03-3C9A-4F30-BFAD-3D9E92B9B81A}.Debug|x86.Build.0 = Debug|Win32
		{C3BE4D03-3C9A-4F30-BFAD-3D9E92B9B81A}.Release|x64.ActiveCfg = Release|x64
		{C3BE4D03-3C9A-4F30-BFAD-3D9E92B9B81A}.Release|x64.Build.0 = Release|x64
		{C3BE4D03-3C9A-4F30-BFAD-3D9E92B9B81A}.Release|x86.ActiveCfg = Release|Win32
		{C3BE4D03-3C9A-4F30-BFAD-3D9E92B9B81A}.Release|x86.Build.0 = Release|Win32
		{6596123D-AFC6-4140-B851-F5816C866991}.Debug|x64.ActiveCfg = Debug|x64
		{6596123D-AFC6-4140-B851-F5816C866991}.Debug|x64.Build.0 = Debug|x64
		{6596123D-AFC6-4140-B851-F5816C866991}.Debug|x86.ActiveCfg = Debug|Win32
		{6596123D-AFC6-4140-B851-F5816C866991}.Debug|x86.Build.0 = Debug|Win32
		{6596123D-AFC6-4140-B851-F5816C866991}.Release|x64.ActiveCfg = Release|x64
		{6596123D-AFC6-4140-B851-F5816C866991}.Release|x64.Build.0 = Release|x64
		{6596123D-AFC6-4140-B851-F5816C866991}.Release|x86.ActiveCfg = Release|Win32
		{6596123D-AFC6-4140-B851-F5816C866991}.Release|x86.Build.0 = Release|Win32
		{574E78FB-6E00-4CCA-A71D-BA4FCE902740}.Debug|x64.ActiveCfg = Debug|x64
		{574E78FB-6E00-4CCA-A71D-BA4FCE902740}.Debug|x64.Build.0 = Debug|x64
		{574E78FB-6E00-4CCA-A71D-BA4FCE902740}.Debug|x86.ActiveCfg = Debug|Win32
		{574E78FB-6E00-4CCA-A71D-BA4FCE902740}.Debug|x86.Build.0 = Debug|Win32
		{574E78FB-6E00-4CCA-A71D-BA4FCE902740}.Release|x64.ActiveCfg = Release|x64
		{574E78FB-6E00-4CCA-A71D-BA4FCE902740}.Release|x64.Build.0 = Release|x64
		{574E78FB-6E00-4CCA-A71D-BA4FCE902740}.Release|x86.ActiveCfg = Release|Win32
		{574E78FB-6E00-4CCA-A71D-BA4FCE902740}.Release|x86.Build.0 = Release|Win32
		{7E59F07A-438D-447D-8D87-AC6AF31D0AFA}.Debug|x64.ActiveCfg = Debug|x64
		{7E59F07A-438D-447D-8D87-AC6AF31D0AFA}.Debug|x64.Build.0 = Debug|x64
		{7E59F07A-438D-447D-8D87-AC6AF31D0AFA}.Debug|x86.ActiveCfg = Debug|Win32
		{7E59F07A-438D-447D-8D87-AC6AF31D0AFA}.Debug|x86.Build.0 = Debug|Win32
		{7E59F07A-438D-447D-8D87-AC6AF31D0AFA}.Release|x64.ActiveCfg = Release|x64
		{7E59F07A-438D-447D-8D87-AC6AF31D0AFA}.Release|x64.Build.0 = Release|x64
		{7E59F07A-438D-447D-8D87-AC6AF31D0AFA}.Release|x86.ActiveCfg = Release|Win32
		{7E59F07A-438D-447D-8D87-AC6AF31D0AFA}.Release|x86.Build.0 = Release|Win32
		{3737B83F-3325-478A-B7BB-B9B2A94BEA91}.Debug|x64.ActiveCfg = Debug|x64
		{3737B83F-3325-478A-B7BB-B9B2A94BEA91}.Debug|x64.Build.0 = Debug|x64
		{3737B83F-3325-478A-B7BB-B9B2A94BEA91}.Debug|x86.ActiveCfg = Debug|Win32
		{3737B83F-3325-478A-B7BB-B9B2A94BEA91}.Debug|x86.Build.0 = Debug|Win32
		{3737B83F-3325-478A-B7BB-B9B2A94BEA91}.Release|x64.ActiveCfg = Release|x64
		{3737B83F-3325-478A-B7BB-B9B2A94BEA91}.Release|x64.Build.0 = Release|x64
		{3737B83F-3325-478A-B7BB-B9B2A94BEA91}.Release|x86.ActiveCfg = Release|Win32
		{3737B83F-3325-478A-B7BB-B9B2A94BEA91}.Release|x86.Build.0 = Release|Win32
		{88F3886D-AC9F-476A-908D-2B7C84B2C869}.Debug|x64.ActiveCfg = Debug|x64
		{88F3886D-AC9F-476A-908D-2B7C84B2C869}.Debug|x64.Build.0 = Debug|x64
		{88F3886D-AC9F-476A-908D-2B7C84B2C869}.Debug|x86.ActiveCfg = Debug|Win32
		{88F3886D-AC9F-476A-908D-2B7C84B2C869}.Debug|x86.Build.0 = Debug|Win32
		{88F3886D-AC9F-476A-908D-2B7C84B2C869}.Release|x64.ActiveCfg = Release|x64
		{88F3886D-AC9F-476A-908D-2B7C84B2C869}.Release|x64.Build.0 = Release|x64
		{88F3886D-AC9F-476A-908D-2B7C84B2C869}.Release|x86.ActiveCfg = Release|Win32
		{88F3886D-AC9F-476A-908D-2B7C84B2C869}.Release|x86.Build.0 = Release|Win32
	EndGlobalSection
	GlobalSection(SolutionProperties) = preSolution
		HideSolutionNode = FALSE
	EndGlobalSection
	GlobalSection(ExtensibilityGlobals) = postSolution
		SolutionGuid = {24D588E9-1591-4F99-BA3C-D381EA08E13E}
	EndGlobalSection
EndGlobal
